// !$*UTF8*$!
{
	archiveVersion = 1;
	classes = {
	};
	objectVersion = 77;
	objects = {

/* Begin PBXContainerItemProxy section */
		35D1D8022D55DA3C00CBE78E /* PBXContainerItemProxy */ = {
			isa = PBXContainerItemProxy;
			containerPortal = 35D1D7E92D55DA3B00CBE78E /* Project object */;
			proxyType = 1;
			remoteGlobalIDString = 35D1D7F02D55DA3B00CBE78E;
			remoteInfo = ShunmugarajTask;
		};
		35D1D80C2D55DA3C00CBE78E /* PBXContainerItemProxy */ = {
			isa = PBXContainerItemProxy;
			containerPortal = 35D1D7E92D55DA3B00CBE78E /* Project object */;
			proxyType = 1;
			remoteGlobalIDString = 35D1D7F02D55DA3B00CBE78E;
			remoteInfo = ShunmugarajTask;
		};
/* End PBXContainerItemProxy section */

/* Begin PBXFileReference section */
		35D1D7F12D55DA3B00CBE78E /* ShunmugarajTask.app */ = {isa = PBXFileReference; explicitFileType = wrapper.application; includeInIndex = 0; path = ShunmugarajTask.app; sourceTree = BUILT_PRODUCTS_DIR; };
		35D1D8012D55DA3C00CBE78E /* ShunmugarajTaskTests.xctest */ = {isa = PBXFileReference; explicitFileType = wrapper.cfbundle; includeInIndex = 0; path = ShunmugarajTaskTests.xctest; sourceTree = BUILT_PRODUCTS_DIR; };
		35D1D80B2D55DA3C00CBE78E /* ShunmugarajTaskUITests.xctest */ = {isa = PBXFileReference; explicitFileType = wrapper.cfbundle; includeInIndex = 0; path = ShunmugarajTaskUITests.xctest; sourceTree = BUILT_PRODUCTS_DIR; };
/* End PBXFileReference section */

/* Begin PBXFileSystemSynchronizedRootGroup section */
		35D1D7F32D55DA3B00CBE78E /* ShunmugarajTask */ = {
			isa = PBXFileSystemSynchronizedRootGroup;
			path = ShunmugarajTask;
			sourceTree = "<group>";
		};
		35D1D8042D55DA3C00CBE78E /* ShunmugarajTaskTests */ = {
			isa = PBXFileSystemSynchronizedRootGroup;
			path = ShunmugarajTaskTests;
			sourceTree = "<group>";
		};
		35D1D80E2D55DA3C00CBE78E /* ShunmugarajTaskUITests */ = {
			isa = PBXFileSystemSynchronizedRootGroup;
			path = ShunmugarajTaskUITests;
			sourceTree = "<group>";
		};
/* End PBXFileSystemSynchronizedRootGroup section */

/* Begin PBXFrameworksBuildPhase section */
		35D1D7EE2D55DA3B00CBE78E /* Frameworks */ = {
			isa = PBXFrameworksBuildPhase;
			buildActionMask = 2147483647;
			files = (
			);
			runOnlyForDeploymentPostprocessing = 0;
		};
		35D1D7FE2D55DA3C00CBE78E /* Frameworks */ = {
			isa = PBXFrameworksBuildPhase;
			buildActionMask = 2147483647;
			files = (
			);
			runOnlyForDeploymentPostprocessing = 0;
		};
		35D1D8082D55DA3C00CBE78E /* Frameworks */ = {
			isa = PBXFrameworksBuildPhase;
			buildActionMask = 2147483647;
			files = (
			);
			runOnlyForDeploymentPostprocessing = 0;
		};
/* End PBXFrameworksBuildPhase section */

/* Begin PBXGroup section */
		35D1D7E82D55DA3B00CBE78E = {
			isa = PBXGroup;
			children = (
				35D1D7F32D55DA3B00CBE78E /* ShunmugarajTask */,
				35D1D8042D55DA3C00CBE78E /* ShunmugarajTaskTests */,
				35D1D80E2D55DA3C00CBE78E /* ShunmugarajTaskUITests */,
				35D1D7F22D55DA3B00CBE78E /* Products */,
			);
			sourceTree = "<group>";
		};
		35D1D7F22D55DA3B00CBE78E /* Products */ = {
			isa = PBXGroup;
			children = (
				35D1D7F12D55DA3B00CBE78E /* ShunmugarajTask.app */,
				35D1D8012D55DA3C00CBE78E /* ShunmugarajTaskTests.xctest */,
				35D1D80B2D55DA3C00CBE78E /* ShunmugarajTaskUITests.xctest */,
			);
			name = Products;
			sourceTree = "<group>";
		};
/* End PBXGroup section */

/* Begin PBXNativeTarget section */
		35D1D7F02D55DA3B00CBE78E /* ShunmugarajTask */ = {
			isa = PBXNativeTarget;
			buildConfigurationList = 35D1D8152D55DA3C00CBE78E /* Build configuration list for PBXNativeTarget "ShunmugarajTask" */;
			buildPhases = (
				35D1D7ED2D55DA3B00CBE78E /* Sources */,
				35D1D7EE2D55DA3B00CBE78E /* Frameworks */,
				35D1D7EF2D55DA3B00CBE78E /* Resources */,
			);
			buildRules = (
			);
			dependencies = (
			);
			fileSystemSynchronizedGroups = (
				35D1D7F32D55DA3B00CBE78E /* ShunmugarajTask */,
			);
			name = ShunmugarajTask;
			packageProductDependencies = (
			);
			productName = ShunmugarajTask;
			productReference = 35D1D7F12D55DA3B00CBE78E /* ShunmugarajTask.app */;
			productType = "com.apple.product-type.application";
		};
		35D1D8002D55DA3C00CBE78E /* ShunmugarajTaskTests */ = {
			isa = PBXNativeTarget;
			buildConfigurationList = 35D1D8182D55DA3C00CBE78E /* Build configuration list for PBXNativeTarget "ShunmugarajTaskTests" */;
			buildPhases = (
				35D1D7FD2D55DA3C00CBE78E /* Sources */,
				35D1D7FE2D55DA3C00CBE78E /* Frameworks */,
				35D1D7FF2D55DA3C00CBE78E /* Resources */,
			);
			buildRules = (
			);
			dependencies = (
				35D1D8032D55DA3C00CBE78E /* PBXTargetDependency */,
			);
			fileSystemSynchronizedGroups = (
				35D1D8042D55DA3C00CBE78E /* ShunmugarajTaskTests */,
			);
			name = ShunmugarajTaskTests;
			packageProductDependencies = (
			);
			productName = ShunmugarajTaskTests;
			productReference = 35D1D8012D55DA3C00CBE78E /* ShunmugarajTaskTests.xctest */;
			productType = "com.apple.product-type.bundle.unit-test";
		};
		35D1D80A2D55DA3C00CBE78E /* ShunmugarajTaskUITests */ = {
			isa = PBXNativeTarget;
			buildConfigurationList = 35D1D81B2D55DA3C00CBE78E /* Build configuration list for PBXNativeTarget "ShunmugarajTaskUITests" */;
			buildPhases = (
				35D1D8072D55DA3C00CBE78E /* Sources */,
				35D1D8082D55DA3C00CBE78E /* Frameworks */,
				35D1D8092D55DA3C00CBE78E /* Resources */,
			);
			buildRules = (
			);
			dependencies = (
				35D1D80D2D55DA3C00CBE78E /* PBXTargetDependency */,
			);
			fileSystemSynchronizedGroups = (
				35D1D80E2D55DA3C00CBE78E /* ShunmugarajTaskUITests */,
			);
			name = ShunmugarajTaskUITests;
			packageProductDependencies = (
			);
			productName = ShunmugarajTaskUITests;
			productReference = 35D1D80B2D55DA3C00CBE78E /* ShunmugarajTaskUITests.xctest */;
			productType = "com.apple.product-type.bundle.ui-testing";
		};
/* End PBXNativeTarget section */

/* Begin PBXProject section */
		35D1D7E92D55DA3B00CBE78E /* Project object */ = {
			isa = PBXProject;
			attributes = {
				BuildIndependentTargetsInParallel = 1;
				LastSwiftUpdateCheck = 1620;
				LastUpgradeCheck = 1620;
				TargetAttributes = {
					35D1D7F02D55DA3B00CBE78E = {
						CreatedOnToolsVersion = 16.2;
					};
					35D1D8002D55DA3C00CBE78E = {
						CreatedOnToolsVersion = 16.2;
						TestTargetID = 35D1D7F02D55DA3B00CBE78E;
					};
					35D1D80A2D55DA3C00CBE78E = {
						CreatedOnToolsVersion = 16.2;
						TestTargetID = 35D1D7F02D55DA3B00CBE78E;
					};
				};
			};
			buildConfigurationList = 35D1D7EC2D55DA3B00CBE78E /* Build configuration list for PBXProject "ShunmugarajTask" */;
			developmentRegion = en;
			hasScannedForEncodings = 0;
			knownRegions = (
				en,
				Base,
			);
			mainGroup = 35D1D7E82D55DA3B00CBE78E;
			minimizedProjectReferenceProxies = 1;
			preferredProjectObjectVersion = 77;
			productRefGroup = 35D1D7F22D55DA3B00CBE78E /* Products */;
			projectDirPath = "";
			projectRoot = "";
			targets = (
				35D1D7F02D55DA3B00CBE78E /* ShunmugarajTask */,
				35D1D8002D55DA3C00CBE78E /* ShunmugarajTaskTests */,
				35D1D80A2D55DA3C00CBE78E /* ShunmugarajTaskUITests */,
			);
		};
/* End PBXProject section */

/* Begin PBXResourcesBuildPhase section */
		35D1D7EF2D55DA3B00CBE78E /* Resources */ = {
			isa = PBXResourcesBuildPhase;
			buildActionMask = 2147483647;
			files = (
			);
			runOnlyForDeploymentPostprocessing = 0;
		};
		35D1D7FF2D55DA3C00CBE78E /* Resources */ = {
			isa = PBXResourcesBuildPhase;
			buildActionMask = 2147483647;
			files = (
			);
			runOnlyForDeploymentPostprocessing = 0;
		};
		35D1D8092D55DA3C00CBE78E /* Resources */ = {
			isa = PBXResourcesBuildPhase;
			buildActionMask = 2147483647;
			files = (
			);
			runOnlyForDeploymentPostprocessing = 0;
		};
/* End PBXResourcesBuildPhase section */

/* Begin PBXSourcesBuildPhase section */
		35D1D7ED2D55DA3B00CBE78E /* Sources */ = {
			isa = PBXSourcesBuildPhase;
			buildActionMask = 2147483647;
			files = (
			);
			runOnlyForDeploymentPostprocessing = 0;
		};
		35D1D7FD2D55DA3C00CBE78E /* Sources */ = {
			isa = PBXSourcesBuildPhase;
			buildActionMask = 2147483647;
			files = (
			);
			runOnlyForDeploymentPostprocessing = 0;
		};
		35D1D8072D55DA3C00CBE78E /* Sources */ = {
			isa = PBXSourcesBuildPhase;
			buildActionMask = 2147483647;
			files = (
			);
			runOnlyForDeploymentPostprocessing = 0;
		};
/* End PBXSourcesBuildPhase section */

/* Begin PBXTargetDependency section */
		35D1D8032D55DA3C00CBE78E /* PBXTargetDependency */ = {
			isa = PBXTargetDependency;
			target = 35D1D7F02D55DA3B00CBE78E /* ShunmugarajTask */;
			targetProxy = 35D1D8022D55DA3C00CBE78E /* PBXContainerItemProxy */;
		};
		35D1D80D2D55DA3C00CBE78E /* PBXTargetDependency */ = {
			isa = PBXTargetDependency;
			target = 35D1D7F02D55DA3B00CBE78E /* ShunmugarajTask */;
			targetProxy = 35D1D80C2D55DA3C00CBE78E /* PBXContainerItemProxy */;
		};
/* End PBXTargetDependency section */

/* Begin XCBuildConfiguration section */
		35D1D8132D55DA3C00CBE78E /* Debug */ = {
			isa = XCBuildConfiguration;
			buildSettings = {
				ALWAYS_SEARCH_USER_PATHS = NO;
				ASSETCATALOG_COMPILER_GENERATE_SWIFT_ASSET_SYMBOL_EXTENSIONS = YES;
				CLANG_ANALYZER_NONNULL = YES;
				CLANG_ANALYZER_NUMBER_OBJECT_CONVERSION = YES_AGGRESSIVE;
				CLANG_CXX_LANGUAGE_STANDARD = "gnu++20";
				CLANG_ENABLE_MODULES = YES;
				CLANG_ENABLE_OBJC_ARC = YES;
				CLANG_ENABLE_OBJC_WEAK = YES;
				CLANG_WARN_BLOCK_CAPTURE_AUTORELEASING = YES;
				CLANG_WARN_BOOL_CONVERSION = YES;
				CLANG_WARN_COMMA = YES;
				CLANG_WARN_CONSTANT_CONVERSION = YES;
				CLANG_WARN_DEPRECATED_OBJC_IMPLEMENTATIONS = YES;
				CLANG_WARN_DIRECT_OBJC_ISA_USAGE = YES_ERROR;
				CLANG_WARN_DOCUMENTATION_COMMENTS = YES;
				CLANG_WARN_EMPTY_BODY = YES;
				CLANG_WARN_ENUM_CONVERSION = YES;
				CLANG_WARN_INFINITE_RECURSION = YES;
				CLANG_WARN_INT_CONVERSION = YES;
				CLANG_WARN_NON_LITERAL_NULL_CONVERSION = YES;
				CLANG_WARN_OBJC_IMPLICIT_RETAIN_SELF = YES;
				CLANG_WARN_OBJC_LITERAL_CONVERSION = YES;
				CLANG_WARN_OBJC_ROOT_CLASS = YES_ERROR;
				CLANG_WARN_QUOTED_INCLUDE_IN_FRAMEWORK_HEADER = YES;
				CLANG_WARN_RANGE_LOOP_ANALYSIS = YES;
				CLANG_WARN_STRICT_PROTOTYPES = YES;
				CLANG_WARN_SUSPICIOUS_MOVE = YES;
				CLANG_WARN_UNGUARDED_AVAILABILITY = YES_AGGRESSIVE;
				CLANG_WARN_UNREACHABLE_CODE = YES;
				CLANG_WARN__DUPLICATE_METHOD_MATCH = YES;
				COPY_PHASE_STRIP = NO;
				DEBUG_INFORMATION_FORMAT = dwarf;
				ENABLE_STRICT_OBJC_MSGSEND = YES;
				ENABLE_TESTABILITY = YES;
				ENABLE_USER_SCRIPT_SANDBOXING = YES;
				GCC_C_LANGUAGE_STANDARD = gnu17;
				GCC_DYNAMIC_NO_PIC = NO;
				GCC_NO_COMMON_BLOCKS = YES;
				GCC_OPTIMIZATION_LEVEL = 0;
				GCC_PREPROCESSOR_DEFINITIONS = (
					"DEBUG=1",
					"$(inherited)",
				);
				GCC_WARN_64_TO_32_BIT_CONVERSION = YES;
				GCC_WARN_ABOUT_RETURN_TYPE = YES_ERROR;
				GCC_WARN_UNDECLARED_SELECTOR = YES;
				GCC_WARN_UNINITIALIZED_AUTOS = YES_AGGRESSIVE;
				GCC_WARN_UNUSED_FUNCTION = YES;
				GCC_WARN_UNUSED_VARIABLE = YES;
				IPHONEOS_DEPLOYMENT_TARGET = 18.2;
				LOCALIZATION_PREFERS_STRING_CATALOGS = YES;
				MTL_ENABLE_DEBUG_INFO = INCLUDE_SOURCE;
				MTL_FAST_MATH = YES;
				ONLY_ACTIVE_ARCH = YES;
				SDKROOT = iphoneos;
				SWIFT_ACTIVE_COMPILATION_CONDITIONS = "DEBUG $(inherited)";
				SWIFT_OPTIMIZATION_LEVEL = "-Onone";
			};
			name = Debug;
		};
		35D1D8142D55DA3C00CBE78E /* Release */ = {
			isa = XCBuildConfiguration;
			buildSettings = {
				ALWAYS_SEARCH_USER_PATHS = NO;
				ASSETCATALOG_COMPILER_GENERATE_SWIFT_ASSET_SYMBOL_EXTENSIONS = YES;
				CLANG_ANALYZER_NONNULL = YES;
				CLANG_ANALYZER_NUMBER_OBJECT_CONVERSION = YES_AGGRESSIVE;
				CLANG_CXX_LANGUAGE_STANDARD = "gnu++20";
				CLANG_ENABLE_MODULES = YES;
				CLANG_ENABLE_OBJC_ARC = YES;
				CLANG_ENABLE_OBJC_WEAK = YES;
				CLANG_WARN_BLOCK_CAPTURE_AUTORELEASING = YES;
				CLANG_WARN_BOOL_CONVERSION = YES;
				CLANG_WARN_COMMA = YES;
				CLANG_WARN_CONSTANT_CONVERSION = YES;
				CLANG_WARN_DEPRECATED_OBJC_IMPLEMENTATIONS = YES;
				CLANG_WARN_DIRECT_OBJC_ISA_USAGE = YES_ERROR;
				CLANG_WARN_DOCUMENTATION_COMMENTS = YES;
				CLANG_WARN_EMPTY_BODY = YES;
				CLANG_WARN_ENUM_CONVERSION = YES;
				CLANG_WARN_INFINITE_RECURSION = YES;
				CLANG_WARN_INT_CONVERSION = YES;
				CLANG_WARN_NON_LITERAL_NULL_CONVERSION = YES;
				CLANG_WARN_OBJC_IMPLICIT_RETAIN_SELF = YES;
				CLANG_WARN_OBJC_LITERAL_CONVERSION = YES;
				CLANG_WARN_OBJC_ROOT_CLASS = YES_ERROR;
				CLANG_WARN_QUOTED_INCLUDE_IN_FRAMEWORK_HEADER = YES;
				CLANG_WARN_RANGE_LOOP_ANALYSIS = YES;
				CLANG_WARN_STRICT_PROTOTYPES = YES;
				CLANG_WARN_SUSPICIOUS_MOVE = YES;
				CLANG_WARN_UNGUARDED_AVAILABILITY = YES_AGGRESSIVE;
				CLANG_WARN_UNREACHABLE_CODE = YES;
				CLANG_WARN__DUPLICATE_METHOD_MATCH = YES;
				COPY_PHASE_STRIP = NO;
				DEBUG_INFORMATION_FORMAT = "dwarf-with-dsym";
				ENABLE_NS_ASSERTIONS = NO;
				ENABLE_STRICT_OBJC_MSGSEND = YES;
				ENABLE_USER_SCRIPT_SANDBOXING = YES;
				GCC_C_LANGUAGE_STANDARD = gnu17;
				GCC_NO_COMMON_BLOCKS = YES;
				GCC_WARN_64_TO_32_BIT_CONVERSION = YES;
				GCC_WARN_ABOUT_RETURN_TYPE = YES_ERROR;
				GCC_WARN_UNDECLARED_SELECTOR = YES;
				GCC_WARN_UNINITIALIZED_AUTOS = YES_AGGRESSIVE;
				GCC_WARN_UNUSED_FUNCTION = YES;
				GCC_WARN_UNUSED_VARIABLE = YES;
				IPHONEOS_DEPLOYMENT_TARGET = 18.2;
				LOCALIZATION_PREFERS_STRING_CATALOGS = YES;
				MTL_ENABLE_DEBUG_INFO = NO;
				MTL_FAST_MATH = YES;
				SDKROOT = iphoneos;
				SWIFT_COMPILATION_MODE = wholemodule;
				VALIDATE_PRODUCT = YES;
			};
			name = Release;
		};
		35D1D8162D55DA3C00CBE78E /* Debug */ = {
			isa = XCBuildConfiguration;
			buildSettings = {
				ASSETCATALOG_COMPILER_APPICON_NAME = AppIcon;
				ASSETCATALOG_COMPILER_GLOBAL_ACCENT_COLOR_NAME = AccentColor;
				CODE_SIGN_STYLE = Automatic;
				CURRENT_PROJECT_VERSION = 1;
				DEVELOPMENT_ASSET_PATHS = "\"ShunmugarajTask/Preview Content\"";
				ENABLE_PREVIEWS = YES;
				GENERATE_INFOPLIST_FILE = YES;
				INFOPLIST_KEY_UIApplicationSceneManifest_Generation = YES;
				INFOPLIST_KEY_UIApplicationSupportsIndirectInputEvents = YES;
				INFOPLIST_KEY_UILaunchScreen_Generation = YES;
				INFOPLIST_KEY_UISupportedInterfaceOrientations = UIInterfaceOrientationPortrait;
				INFOPLIST_KEY_UISupportedInterfaceOrientations_iPad = "UIInterfaceOrientationPortrait UIInterfaceOrientationPortraitUpsideDown";
				IPHONEOS_DEPLOYMENT_TARGET = 15.6;
				LD_RUNPATH_SEARCH_PATHS = (
					"$(inherited)",
					"@executable_path/Frameworks",
				);
				MARKETING_VERSION = 1.0;
				PRODUCT_BUNDLE_IDENTIFIER = com.shun.ShunmugarajTask;
				PRODUCT_NAME = "$(TARGET_NAME)";
				SWIFT_EMIT_LOC_STRINGS = YES;
				SWIFT_VERSION = 5.0;
				TARGETED_DEVICE_FAMILY = "1,2";
			};
			name = Debug;
		};
		35D1D8172D55DA3C00CBE78E /* Release */ = {
			isa = XCBuildConfiguration;
			buildSettings = {
				ASSETCATALOG_COMPILER_APPICON_NAME = AppIcon;
				ASSETCATALOG_COMPILER_GLOBAL_ACCENT_COLOR_NAME = AccentColor;
				CODE_SIGN_STYLE = Automatic;
				CURRENT_PROJECT_VERSION = 1;
				DEVELOPMENT_ASSET_PATHS = "\"ShunmugarajTask/Preview Content\"";
				ENABLE_PREVIEWS = YES;
				GENERATE_INFOPLIST_FILE = YES;
				INFOPLIST_KEY_UIApplicationSceneManifest_Generation = YES;
				INFOPLIST_KEY_UIApplicationSupportsIndirectInputEvents = YES;
				INFOPLIST_KEY_UILaunchScreen_Generation = YES;
				INFOPLIST_KEY_UISupportedInterfaceOrientations = UIInterfaceOrientationPortrait;
				INFOPLIST_KEY_UISupportedInterfaceOrientations_iPad = "UIInterfaceOrientationPortrait UIInterfaceOrientationPortraitUpsideDown";
				IPHONEOS_DEPLOYMENT_TARGET = 15.6;
				LD_RUNPATH_SEARCH_PATHS = (
					"$(inherited)",
					"@executable_path/Frameworks",
				);
				MARKETING_VERSION = 1.0;
				PRODUCT_BUNDLE_IDENTIFIER = com.shun.ShunmugarajTask;
				PRODUCT_NAME = "$(TARGET_NAME)";
				SWIFT_EMIT_LOC_STRINGS = YES;
				SWIFT_VERSION = 5.0;
				TARGETED_DEVICE_FAMILY = "1,2";
			};
			name = Release;
		};
		35D1D8192D55DA3C00CBE78E /* Debug */ = {
			isa = XCBuildConfiguration;
			buildSettings = {
				BUNDLE_LOADER = "$(TEST_HOST)";
				CODE_SIGN_STYLE = Automatic;
				CURRENT_PROJECT_VERSION = 1;
				GENERATE_INFOPLIST_FILE = YES;
				IPHONEOS_DEPLOYMENT_TARGET = 18.2;
				MARKETING_VERSION = 1.0;
				PRODUCT_BUNDLE_IDENTIFIER = com.shun.ShunmugarajTaskTests;
				PRODUCT_NAME = "$(TARGET_NAME)";
				SWIFT_EMIT_LOC_STRINGS = NO;
				SWIFT_VERSION = 5.0;
				TARGETED_DEVICE_FAMILY = "1,2";
				TEST_HOST = "$(BUILT_PRODUCTS_DIR)/ShunmugarajTask.app/$(BUNDLE_EXECUTABLE_FOLDER_PATH)/ShunmugarajTask";
			};
			name = Debug;
		};
		35D1D81A2D55DA3C00CBE78E /* Release */ = {
			isa = XCBuildConfiguration;
			buildSettings = {
				BUNDLE_LOADER = "$(TEST_HOST)";
				CODE_SIGN_STYLE = Automatic;
				CURRENT_PROJECT_VERSION = 1;
				GENERATE_INFOPLIST_FILE = YES;
				IPHONEOS_DEPLOYMENT_TARGET = 18.2;
				MARKETING_VERSION = 1.0;
				PRODUCT_BUNDLE_IDENTIFIER = com.shun.ShunmugarajTaskTests;
				PRODUCT_NAME = "$(TARGET_NAME)";
				SWIFT_EMIT_LOC_STRINGS = NO;
				SWIFT_VERSION = 5.0;
				TARGETED_DEVICE_FAMILY = "1,2";
				TEST_HOST = "$(BUILT_PRODUCTS_DIR)/ShunmugarajTask.app/$(BUNDLE_EXECUTABLE_FOLDER_PATH)/ShunmugarajTask";
			};
			name = Release;
		};
		35D1D81C2D55DA3C00CBE78E /* Debug */ = {
			isa = XCBuildConfiguration;
			buildSettings = {
				CODE_SIGN_STYLE = Automatic;
				CURRENT_PROJECT_VERSION = 1;
				GENERATE_INFOPLIST_FILE = YES;
				MARKETING_VERSION = 1.0;
				PRODUCT_BUNDLE_IDENTIFIER = com.shun.ShunmugarajTaskUITests;
				PRODUCT_NAME = "$(TARGET_NAME)";
				SWIFT_EMIT_LOC_STRINGS = NO;
				SWIFT_VERSION = 5.0;
				TARGETED_DEVICE_FAMILY = "1,2";
				TEST_TARGET_NAME = ShunmugarajTask;
			};
			name = Debug;
		};
		35D1D81D2D55DA3C00CBE78E /* Release */ = {
			isa = XCBuildConfiguration;
			buildSettings = {
				CODE_SIGN_STYLE = Automatic;
				CURRENT_PROJECT_VERSION = 1;
				GENERATE_INFOPLIST_FILE = YES;
				MARKETING_VERSION = 1.0;
				PRODUCT_BUNDLE_IDENTIFIER = com.shun.ShunmugarajTaskUITests;
				PRODUCT_NAME = "$(TARGET_NAME)";
				SWIFT_EMIT_LOC_STRINGS = NO;
				SWIFT_VERSION = 5.0;
				TARGETED_DEVICE_FAMILY = "1,2";
				TEST_TARGET_NAME = ShunmugarajTask;
			};
			name = Release;
		};
/* End XCBuildConfiguration section */

/* Begin XCConfigurationList section */
		35D1D7EC2D55DA3B00CBE78E /* Build configuration list for PBXProject "ShunmugarajTask" */ = {
			isa = XCConfigurationList;
			buildConfigurations = (
				35D1D8132D55DA3C00CBE78E /* Debug */,
				35D1D8142D55DA3C00CBE78E /* Release */,
			);
			defaultConfigurationIsVisible = 0;
			defaultConfigurationName = Release;
		};
		35D1D8152D55DA3C00CBE78E /* Build configuration list for PBXNativeTarget "ShunmugarajTask" */ = {
			isa = XCConfigurationList;
			buildConfigurations = (
				35D1D8162D55DA3C00CBE78E /* Debug */,
				35D1D8172D55DA3C00CBE78E /* Release */,
			);
			defaultConfigurationIsVisible = 0;
			defaultConfigurationName = Release;
		};
		35D1D8182D55DA3C00CBE78E /* Build configuration list for PBXNativeTarget "ShunmugarajTaskTests" */ = {
			isa = XCConfigurationList;
			buildConfigurations = (
				35D1D8192D55DA3C00CBE78E /* Debug */,
				35D1D81A2D55DA3C00CBE78E /* Release */,
			);
			defaultConfigurationIsVisible = 0;
			defaultConfigurationName = Release;
		};
		35D1D81B2D55DA3C00CBE78E /* Build configuration list for PBXNativeTarget "ShunmugarajTaskUITests" */ = {
			isa = XCConfigurationList;
			buildConfigurations = (
				35D1D81C2D55DA3C00CBE78E /* Debug */,
				35D1D81D2D55DA3C00CBE78E /* Release */,
			);
			defaultConfigurationIsVisible = 0;
			defaultConfigurationName = Release;
		};
/* End XCConfigurationList section */
	};
	rootObject = 35D1D7E92D55DA3B00CBE78E /* Project object */;
}
